
Microsoft Visual Studio Solution File, Format Version 12.00
# Visual Studio Version 16
VisualStudioVersion = 16.0.30523.141
MinimumVisualStudioVersion = 10.0.40219.1
Project("{9A19103F-16F7-4668-BE54-9A1E7A4F7556}") = "Bai8", "Bai8\Bai8.csproj", "{00AE4271-F740-468E-AC96-4D2B307E4FE1}"
EndProject
Project("{9A19103F-16F7-4668-BE54-9A1E7A4F7556}") = "Bai14", "Bai14\Bai14.csproj", "{5A71DA7C-4BAF-4ECC-9658-1DA1B86EB5D8}"
EndProject
Project("{9A19103F-16F7-4668-BE54-9A1E7A4F7556}") = "Bai5", "Bai5\Bai5.csproj", "{21B36650-522C-47E8-9329-D53A097149A9}"
EndProject
Project("{9A19103F-16F7-4668-BE54-9A1E7A4F7556}") = "Bai29", "Bai29\Bai29.csproj", "{A154BE96-9B6B-4205-9800-18037408FF94}"
EndProject
Project("{9A19103F-16F7-4668-BE54-9A1E7A4F7556}") = "Bai11", "Bai11\Bai11.csproj", "{0CFE7C66-1710-4A7A-AC7E-709E7F40E79D}"
EndProject
Project("{9A19103F-16F7-4668-BE54-9A1E7A4F7556}") = "Bai17", "Bai17\Bai17.csproj", "{46A2FE99-1851-4BF1-9380-750E8EB68BF7}"
EndProject
Project("{9A19103F-16F7-4668-BE54-9A1E7A4F7556}") = "Bai20", "Bai20\Bai20.csproj", "{2A91A288-D1A5-438C-92D4-2BC16FD405A2}"
EndProject
Project("{9A19103F-16F7-4668-BE54-9A1E7A4F7556}") = "Bai23", "Bai23\Bai23.csproj", "{D7E5417F-6575-4644-818E-74E70CA08169}"
EndProject
Project("{9A19103F-16F7-4668-BE54-9A1E7A4F7556}") = "Bai2", "Bai2\Bai2.csproj", "{18ED1665-23AD-4C02-90A2-147A59804908}"
EndProject
Project("{9A19103F-16F7-4668-BE54-9A1E7A4F7556}") = "Bai26", "Bai26\Bai26.csproj", "{227FE0E4-BB9F-4817-A0C2-4B612647A833}"
EndProject
Project("{9A19103F-16F7-4668-BE54-9A1E7A4F7556}") = "Bai32", "Bai32\Bai32.csproj", "{24400434-A7B9-4EC1-B31D-8DCBB4126961}"
EndProject
Project("{FAE04EC0-301F-11D3-BF4B-00C04F79EFBC}") = "Bai31", "Bai31\Bai31.csproj", "{9D19B3B2-45C0-4E77-BAE3-23758B68A037}"
EndProject
Global
	GlobalSection(SolutionConfigurationPlatforms) = preSolution
		Debug|Any CPU = Debug|Any CPU
		Release|Any CPU = Release|Any CPU
	EndGlobalSection
	GlobalSection(ProjectConfigurationPlatforms) = postSolution
		{00AE4271-F740-468E-AC96-4D2B307E4FE1}.Debug|Any CPU.ActiveCfg = Debug|Any CPU
		{00AE4271-F740-468E-AC96-4D2B307E4FE1}.Debug|Any CPU.Build.0 = Debug|Any CPU
		{00AE4271-F740-468E-AC96-4D2B307E4FE1}.Release|Any CPU.ActiveCfg = Release|Any CPU
		{00AE4271-F740-468E-AC96-4D2B307E4FE1}.Release|Any CPU.Build.0 = Release|Any CPU
		{5A71DA7C-4BAF-4ECC-9658-1DA1B86EB5D8}.Debug|Any CPU.ActiveCfg = Debug|Any CPU
		{5A71DA7C-4BAF-4ECC-9658-1DA1B86EB5D8}.Debug|Any CPU.Build.0 = Debug|Any CPU
		{5A71DA7C-4BAF-4ECC-9658-1DA1B86EB5D8}.Release|Any CPU.ActiveCfg = Release|Any CPU
		{5A71DA7C-4BAF-4ECC-9658-1DA1B86EB5D8}.Release|Any CPU.Build.0 = Release|Any CPU
		{21B36650-522C-47E8-9329-D53A097149A9}.Debug|Any CPU.ActiveCfg = Debug|Any CPU
		{21B36650-522C-47E8-9329-D53A097149A9}.Debug|Any CPU.Build.0 = Debug|Any CPU
		{21B36650-522C-47E8-9329-D53A097149A9}.Release|Any CPU.ActiveCfg = Release|Any CPU
		{21B36650-522C-47E8-9329-D53A097149A9}.Release|Any CPU.Build.0 = Release|Any CPU
		{A154BE96-9B6B-4205-9800-18037408FF94}.Debug|Any CPU.ActiveCfg = Debug|Any CPU
		{A154BE96-9B6B-4205-9800-18037408FF94}.Debug|Any CPU.Build.0 = Debug|Any CPU
		{A154BE96-9B6B-4205-9800-18037408FF94}.Release|Any CPU.ActiveCfg = Release|Any CPU
		{A154BE96-9B6B-4205-9800-18037408FF94}.Release|Any CPU.Build.0 = Release|Any CPU
		{0CFE7C66-1710-4A7A-AC7E-709E7F40E79D}.Debug|Any CPU.ActiveCfg = Debug|Any CPU
		{0CFE7C66-1710-4A7A-AC7E-709E7F40E79D}.Debug|Any CPU.Build.0 = Debug|Any CPU
		{0CFE7C66-1710-4A7A-AC7E-709E7F40E79D}.Release|Any CPU.ActiveCfg = Release|Any CPU
		{0CFE7C66-1710-4A7A-AC7E-709E7F40E79D}.Release|Any CPU.Build.0 = Release|Any CPU
		{46A2FE99-1851-4BF1-9380-750E8EB68BF7}.Debug|Any CPU.ActiveCfg = Debug|Any CPU
		{46A2FE99-1851-4BF1-9380-750E8EB68BF7}.Debug|Any CPU.Build.0 = Debug|Any CPU
		{46A2FE99-1851-4BF1-9380-750E8EB68BF7}.Release|Any CPU.ActiveCfg = Release|Any CPU
		{46A2FE99-1851-4BF1-9380-750E8EB68BF7}.Release|Any CPU.Build.0 = Release|Any CPU
		{2A91A288-D1A5-438C-92D4-2BC16FD405A2}.Debug|Any CPU.ActiveCfg = Debug|Any CPU
		{2A91A288-D1A5-438C-92D4-2BC16FD405A2}.Debug|Any CPU.Build.0 = Debug|Any CPU
		{2A91A288-D1A5-438C-92D4-2BC16FD405A2}.Release|Any CPU.ActiveCfg = Release|Any CPU
		{2A91A288-D1A5-438C-92D4-2BC16FD405A2}.Release|Any CPU.Build.0 = Release|Any CPU
		{D7E5417F-6575-4644-818E-74E70CA08169}.Debug|Any CPU.ActiveCfg = Debug|Any CPU
		{D7E5417F-6575-4644-818E-74E70CA08169}.Debug|Any CPU.Build.0 = Debug|Any CPU
		{D7E5417F-6575-4644-818E-74E70CA08169}.Release|Any CPU.ActiveCfg = Release|Any CPU
		{D7E5417F-6575-4644-818E-74E70CA08169}.Release|Any CPU.Build.0 = Release|Any CPU
		{18ED1665-23AD-4C02-90A2-147A59804908}.Debug|Any CPU.ActiveCfg = Debug|Any CPU
		{18ED1665-23AD-4C02-90A2-147A59804908}.Debug|Any CPU.Build.0 = Debug|Any CPU
		{18ED1665-23AD-4C02-90A2-147A59804908}.Release|Any CPU.ActiveCfg = Release|Any CPU
		{18ED1665-23AD-4C02-90A2-147A59804908}.Release|Any CPU.Build.0 = Release|Any CPU
		{227FE0E4-BB9F-4817-A0C2-4B612647A833}.Debug|Any CPU.ActiveCfg = Debug|Any CPU
		{227FE0E4-BB9F-4817-A0C2-4B612647A833}.Debug|Any CPU.Build.0 = Debug|Any CPU
		{227FE0E4-BB9F-4817-A0C2-4B612647A833}.Release|Any CPU.ActiveCfg = Release|Any CPU
		{227FE0E4-BB9F-4817-A0C2-4B612647A833}.Release|Any CPU.Build.0 = Release|Any CPU
		{24400434-A7B9-4EC1-B31D-8DCBB4126961}.Debug|Any CPU.ActiveCfg = Debug|Any CPU
		{24400434-A7B9-4EC1-B31D-8DCBB4126961}.Debug|Any CPU.Build.0 = Debug|Any CPU
		{24400434-A7B9-4EC1-B31D-8DCBB4126961}.Release|Any CPU.ActiveCfg = Release|Any CPU
		{24400434-A7B9-4EC1-B31D-8DCBB4126961}.Release|Any CPU.Build.0 = Release|Any CPU
		{9D19B3B2-45C0-4E77-BAE3-23758B68A037}.Debug|Any CPU.ActiveCfg = Debug|Any CPU
		{9D19B3B2-45C0-4E77-BAE3-23758B68A037}.Debug|Any CPU.Build.0 = Debug|Any CPU
		{9D19B3B2-45C0-4E77-BAE3-23758B68A037}.Release|Any CPU.ActiveCfg = Release|Any CPU
		{9D19B3B2-45C0-4E77-BAE3-23758B68A037}.Release|Any CPU.Build.0 = Release|Any CPU
	EndGlobalSection
	GlobalSection(SolutionProperties) = preSolution
		HideSolutionNode = FALSE
	EndGlobalSection
	GlobalSection(ExtensibilityGlobals) = postSolution
		SolutionGuid = {13752240-C4B3-479A-A66F-DE275FDD4E2C}
	EndGlobalSection
EndGlobal
